lockfileVersion: '9.0'

settings:
  autoInstallPeers: true
  excludeLinksFromLockfile: false

overrides:
  '@mbler/mcx-types': 0.0.4-rc.8
  '@mbler/mcx-server': 0.1.5-rc.0

importers:

  .:
    dependencies:
      '@bedrock-oss/bedrock-boost':
        specifier: 2.1.0
        version: 2.1.0(@minecraft/vanilla-data@1.26.40)
      '@minecraft/server':
        specifier: 2.10.0-beta.1.26.40-preview.20
        version: 2.10.0-beta.1.26.40-preview.20(@minecraft/common@1.3.0)(@minecraft/vanilla-data@1.26.40)
      '@minecraft/server-ui':
        specifier: 2.2.0-beta.1.26.40-preview.20
        version: 2.2.0-beta.1.26.40-preview.20(@minecraft/common@1.3.0)(@minecraft/server@2.10.0-beta.1.26.40-preview.20(@minecraft/common@1.3.0)(@minecraft/vanilla-data@1.26.40))
      '@ojang/vanilla-lootdata':
        specifier: 0.0.1-rc.5
        version: 0.0.1-rc.5(@minecraft/server@2.10.0-beta.1.26.40-preview.20(@minecraft/common@1.3.0)(@minecraft/vanilla-data@1.26.40))
    devDependencies:
      '@mbler/mcx-component':
        specifier: 0.0.3-rc.1
        version: 0.0.3-rc.1(@minecraft/server-ui@2.2.0-beta.1.26.40-preview.20(@minecraft/common@1.3.0)(@minecraft/server@2.10.0-beta.1.26.40-preview.20(@minecraft/common@1.3.0)(@minecraft/vanilla-data@1.26.40)))(@minecraft/server@2.10.0-beta.1.26.40-preview.20(@minecraft/common@1.3.0)(@minecraft/vanilla-data@1.26.40))
      '@mbler/mcx-core':
        specifier: 0.1.3-rc.16
        version: 0.1.3-rc.16(@minecraft/server-ui@2.2.0-beta.1.26.40-preview.20(@minecraft/common@1.3.0)(@minecraft/server@2.10.0-beta.1.26.40-preview.20(@minecraft/common@1.3.0)(@minecraft/vanilla-data@1.26.40)))(@minecraft/server@2.10.0-beta.1.26.40-preview.20(@minecraft/common@1.3.0)(@minecraft/vanilla-data@1.26.40))
      '@mbler/mcx-types':
        specifier: 0.0.4-rc.8
        version: 0.0.4-rc.8(@minecraft/server-ui@2.2.0-beta.1.26.40-preview.20(@minecraft/common@1.3.0)(@minecraft/server@2.10.0-beta.1.26.40-preview.20(@minecraft/common@1.3.0)(@minecraft/vanilla-data@1.26.40)))(@minecraft/server@2.10.0-beta.1.26.40-preview.20(@minecraft/common@1.3.0)(@minecraft/vanilla-data@1.26.40))
      cross-env:
        specifier: ^10.1.0
        version: 10.1.0
      mbler:
        specifier: 0.2.14-rc.2
        version: 0.2.14-rc.2(@mbler/mcx-core@0.1.3-rc.16(@minecraft/server-ui@2.2.0-beta.1.26.40-preview.20(@minecraft/common@1.3.0)(@minecraft/server@2.10.0-beta.1.26.40-preview.20(@minecraft/common@1.3.0)(@minecraft/vanilla-data@1.26.40)))(@minecraft/server@2.10.0-beta.1.26.40-preview.20(@minecraft/common@1.3.0)(@minecraft/vanilla-data@1.26.40)))(@volar/typescript@2.4.28)(rolldown@1.2.4)(typescript@5.9.3)
      mcx-tsc:
        specifier: ^0.0.2-rc.1
        version: 0.0.2-rc.1(@minecraft/server-ui@2.2.0-beta.1.26.40-preview.20(@minecraft/common@1.3.0)(@minecraft/server@2.10.0-beta.1.26.40-preview.20(@minecraft/common@1.3.0)(@minecraft/vanilla-data@1.26.40)))(@minecraft/server@2.10.0-beta.1.26.40-preview.20(@minecraft/common@1.3.0)(@minecraft/vanilla-data@1.26.40))(@volar/language-service@2.4.28)(typescript@5.9.3)
      rolldown:
        specifier: ^1.1.0
        version: 1.2.4

packages:

  '@babel/generator@7.28.5':
    resolution: {integrity: sha512-3EwLFhZ38J4VyIP6WNtt2kUdW9dokXA9Cr4IVIFHuCpZ3H8/YFOl5JjZHisrn1fATPBmKKqXzDFvh9fUwHz6CQ==}
    engines: {node: '>=6.9.0'}

  '@babel/helper-string-parser@7.29.7':
    resolution: {integrity: sha512-Pb5ijPrZ89GDH8223L4UP8i6QApWxs04RbPQJTeWDV0/keR2E36MeKnyr6LYmUUvqRRI+Iv87SuF1W6ErINzYw==}
    engines: {node: '>=6.9.0'}

  '@babel/helper-validator-identifier@7.29.7':
    resolution: {integrity: sha512-qehxGkRj55h/ff8EMaJ+cYhyaKlHIxqYDn682wQD7RNp9UujOQsHog2uS0r2vzr4pW+sXf90NeeayjcNaX3fFg==}
    engines: {node: '>=6.9.0'}

  '@babel/parser@7.28.5':
    resolution: {integrity: sha512-KKBU1VGYR7ORr3At5HAtUQ+TV3SzRCXmA/8OdDZiLDBIZxVyzXuztPjfLd3BV1PRAQGCMWWSHYhL0F8d5uHBDQ==}
    engines: {node: '>=6.0.0'}
    hasBin: true

  '@babel/parser@7.29.8':
    resolution: {integrity: sha512-E8lTAYNB1KW+FH+VGJuZM1ioAx2E6oVlvQFRrf5P8ZZmsiJXYAD9vTFV7yyEURNzgh1dFqMZuO6tUwcARbqFCA==}
    engines: {node: '>=6.0.0'}
    hasBin: true

  '@babel/types@7.28.6':
    resolution: {integrity: sha512-0ZrskXVEHSWIqZM/sQZ4EV3jZJXRkio/WCxaqKZP1g//CEWEPSfeZFcms4XeKBCHU0ZKnIkdJeU/kF+eRp5lBg==}
    engines: {node: '>=6.9.0'}

  '@babel/types@7.29.8':
    resolution: {integrity: sha512-Vj1jF3cPfxg7OAfoI7QnVKLoILlm2JF9pnVHrX8qx7AHMiYWT+NDAA7jChlNgRS4WTLc/fD1lXLmPixluj+3Gg==}
    engines: {node: '>=6.9.0'}

  '@bedrock-oss/bedrock-boost@2.1.0':
    resolution: {integrity: sha512-DivYpmhaKTRj8KdAnpAF91qKSJv5xoRGvvcbd4EJBuBTp2fZvV4YWYb7mcfPO3x/Kd43iAJHNwTGuluPIrwUfg==}

  '@epic-web/invariant@1.0.0':
    resolution: {integrity: sha512-lrTPqgvfFQtR/eY/qkIzp98OGdNJu0m5ji3q/nJI8v3SXkRKEnWiOxMmbvcSoAIzv/cGiuvRy57k4suKQSAdwA==}

  '@jridgewell/gen-mapping@0.3.13':
    resolution: {integrity: sha512-2kkt/7niJ6MgEPxF0bYdQ6etZaA+fQvDcLKckhy1yIQOzaoKjBBjSj63/aLVjYE3qhRt5dvM+uUyfCg6UKCBbA==}

  '@jridgewell/resolve-uri@3.1.2':
    resolution: {integrity: sha512-bRISgCIjP20/tbWSPWMEi54QVPRZExkuD9lJL+UIxUKtwVJA8wW1Trb1jMs1RFXo1CBTNZ/5hpC9QvmKWdopKw==}
    engines: {node: '>=6.0.0'}

  '@jridgewell/sourcemap-codec@1.5.5':
    resolution: {integrity: sha512-cYQ9310grqxueWbl+WuIUIaiUaDcj7WOq5fVhEljNVgRfOUhY9fy2zTvfoqWsnebh8Sl70VScFbICvJnLKB0Og==}

  '@jridgewell/trace-mapping@0.3.31':
    resolution: {integrity: sha512-zzNR+SdQSDJzc8joaeP8QQoCQr8NuYx2dIIytl1QeBEZHJ9uW6hebsrYgbz8hJwUQao3TWCMtmfV8Nu1twOLAw==}

  '@mbler/mcx-component@0.0.3-rc.1':
    resolution: {integrity: sha512-+4XcnUdBWCYyALMtLDSPNNvGgbNO56qwm4UWY2ayS7qGKLNuO8ouWMic/eODuPIEXeVw/N0zcU2FMz+PfYnpVA==}
    engines: {node: '>=20'}

  '@mbler/mcx-core@0.1.3-rc.16':
    resolution: {integrity: sha512-pe9kxgQEzdfskvXWS9dQeyyJO/o4o70I+QhrAAk1qmHfW626B27Zz6WhnyBH3Vui6ntsxpn4HFf2n9E2ZDRqsw==}

  '@mbler/mcx-server@0.1.5-rc.0':
    resolution: {integrity: sha512-XcV6ZtBzH5uJ2gmUF/yJQjdGXB9y/sGkZjrcSSBEVv/cXkmXwQJcuXBq3wrpCJNSf3KERMo4WGpHQTmYtuR68g==}
    engines: {node: '>=20'}
    hasBin: true

  '@mbler/mcx-types@0.0.4-rc.8':
    resolution: {integrity: sha512-SH1WYBn4bggN+B5yHYMvf42oIsHuNvDnGjhMY1TvSqbKfG3XjReROJb7vSuduXjSJyhn+rsFBSRjzU9/gOOrVw==}
    engines: {node: '>=20'}
    peerDependencies:
      '@minecraft/server': ^2.6.0
      '@minecraft/server-ui': ^2.0.0

  '@mbler/mcx@0.0.5':
    resolution: {integrity: sha512-SGxvzKKCE0zSTdHaD1WFbYsY1RWROTyzXLxaK/FDjEwTHjWynp/pMNwj/0OOrB14KjbUxfwyei8T6/aIdc61HA==}
    engines: {node: '>=20'}
    peerDependencies:
      '@minecraft/server': ^2.6.0
      '@minecraft/server-ui': ^2.0.0

  '@minecraft/common@1.3.0':
    resolution: {integrity: sha512-GLT8USFhvEyeTTFHZAgszbrnoT007hmXmK+aO4l+2A1up9/zwZ+4e8R8F0KcKrCWDjLEqkOJtPow0hQCcNJ++Q==}

  '@minecraft/server-ui@2.2.0-beta.1.26.40-preview.20':
    resolution: {integrity: sha512-V2nXTr4JBsX5Nk6QzkJeqgxfi5jn2AJADTJn9ijXNFzHNCvAl2a/KOgo71QiKzQOKiHqmxjfbQFALeHKk9fE9Q==}
    peerDependencies:
      '@minecraft/common': ^1.0.0
      '@minecraft/server': ^2.0.0 || ^2.10.0-beta.1.26.40-preview.20

  '@minecraft/server@2.10.0-beta.1.26.40-preview.20':
    resolution: {integrity: sha512-X3nu4coiFVhgyZcGDxod9BGyR2kVThS7Gq1s8/LtrMd3fEd44xScaIbRS506It1lyAcoiRfCCtbnqlgG/y+B1A==}
    peerDependencies:
      '@minecraft/common': ^1.2.0
      '@minecraft/vanilla-data': '>=1.20.70 || 1.26.40-preview.20'

  '@minecraft/server@2.9.0':
    resolution: {integrity: sha512-tzPwJbcXs4H3daAy5v0KldOMUwgSr4cc5x6TpEvsr3Jto9XtvsBcNUVLVdni5NEZCizQ0mzBwnLCXgxyYpR91A==}
    peerDependencies:
      '@minecraft/common': ^1.2.0
      '@minecraft/vanilla-data': '>=1.20.70'

  '@minecraft/vanilla-data@1.26.40':
    resolution: {integrity: sha512-6CKqzKXmTaQOKofuTPiJVE5SqFXs8nRTHDujvL77rT/9cRArsdzagRcPFBcbhL8MnGjsINXxkdqFnjUqhZjxsA==}

  '@ojang/vanilla-lootdata@0.0.1-rc.5':
    resolution: {integrity: sha512-SOo/cFvlnbs/9j5NM1TwZLFVbfN+4knvfsqnZI42VooFB8CpNC1lO4jlw8ia/Sw+AgDiBX6ILiKeH2lcc4MHdg==}
    engines: {node: '>=18.0.0'}
    peerDependencies:
      '@minecraft/server': ^2.10.0-beta.1.26.44-stable

  '@oxc-project/types@0.144.0':
    resolution: {integrity: sha512-nuhZIOLuI6TFQ32I/WnUx+SCPY7SdSKwgnFHydAuoS1+Z4BRcaP+RRJmGzl9lw+0OFF7UmaESf7KQRXaNLHypg==}

  '@rolldown/binding-android-arm64@1.2.4':
    resolution: {integrity: sha512-jHC2cnyKz5xU2fhECtFl8OZ83cYNt13GZQD+0uMJ/X3o+ijmd56okHhTUwxVSHPx1IRVIJEZ1/1pPzeLCU6XKA==}
    engines: {node: ^20.19.0 || >=22.12.0}
    cpu: [arm64]
    os: [android]

  '@rolldown/binding-darwin-arm64@1.2.4':
    resolution: {integrity: sha512-Dc5mPD8F5F/FS8i01syd7FTF6yB2fVthH/TRkjwJkzUK6EpoxHtqvZQP5Zwq80/5z19TWYHIg1KOHboCgVx/aQ==}
    engines: {node: ^20.19.0 || >=22.12.0}
    cpu: [arm64]
    os: [darwin]

  '@rolldown/binding-darwin-x64@1.2.4':
    resolution: {integrity: sha512-fpDm4oBo6SqLvWUYCmFhdde3U9KH2fRNNMeAnAPAIwxRL345xutL0EtEUcuoxsoazdJGv/MuDBQHlCDrtbvqOg==}
    engines: {node: ^20.19.0 || >=22.12.0}
    cpu: [x64]
    os: [darwin]

  '@rolldown/binding-freebsd-x64@1.2.4':
    resolution: {integrity: sha512-rSJoreDE/HoIzoaib6MTp5jQtCTdMHKIvItAKT/ImS6Y6Ww76oUaeMyp4Vc/fAgd/ehji068IxetHXAnqUwN9A==}
    engines: {node: ^20.19.0 || >=22.12.0}
    cpu: [x64]
    os: [freebsd]

  '@rolldown/binding-linux-arm-gnueabihf@1.2.4':
    resolution: {integrity: sha512-/jm8OGHgn7oGaJu3i/qZI9spUGcJ+y/lk43ttQ/iO1tOd9NissG6o97bighBCiL+BKRngmcDuR6ikfwYdJmVuQ==}
    engines: {node: ^20.19.0 || >=22.12.0}
    cpu: [arm]
    os: [linux]

  '@rolldown/binding-linux-arm64-gnu@1.2.4':
    resolution: {integrity: sha512-tIP06BeD9EqvECBrPZ+sqdPlYrT+aYaAiu1wYziVx5elRK/ftm33JxVDy2bXGbr6J0CrtirCkR87/X5a2euEng==}
    engines: {node: ^20.19.0 || >=22.12.0}
    cpu: [arm64]
    os: [linux]
    libc: [glibc]

  '@rolldown/binding-linux-arm64-musl@1.2.4':
    resolution: {integrity: sha512-Ql1Q0EQqVThvn9VAVlwNzsUvbSFtCMGjLpRRi4pk5i7NZZ4n5ISiLMjHYtus4VQ2PvkSw24zyaCVsiS+sXPj1w==}
    engines: {node: ^20.19.0 || >=22.12.0}
    cpu: [arm64]
    os: [linux]
    libc: [musl]

  '@rolldown/binding-linux-ppc64-gnu@1.2.4':
    resolution: {integrity: sha512-GjbjXD4XXfN19D0LZNbmiCBUoDiRACsYHr0yaIbbn8aFsXjHZifcYqu/W5Er5X2X990WjHXFrxarn5chzItorQ==}
    engines: {node: ^20.19.0 || >=22.12.0}
    cpu: [ppc64]
    os: [linux]
    libc: [glibc]

  '@rolldown/binding-linux-s390x-gnu@1.2.4':
    resolution: {integrity: sha512-p5WR0NOwaRmJ/B1b6IjEFLLivwEsf3PrdBIhRbhTCQisbo2SvHHpG4ELB/+FgQNnB88LTOF86upmJmbvZdQ2lw==}
    engines: {node: ^20.19.0 || >=22.12.0}
    cpu: [s390x]
    os: [linux]
    libc: [glibc]

  '@rolldown/binding-linux-x64-gnu@1.2.4':
    resolution: {integrity: sha512-4/GyVjmhR+Tc6HLJvwc1sOhPqAZtySiSMesOZyX6JQ5XBxoTDEMKQzvo07NIK6nTon/SivlZqvhzvuVBNQhObQ==}
    engines: {node: ^20.19.0 || >=22.12.0}
    cpu: [x64]
    os: [linux]
    libc: [glibc]

  '@rolldown/binding-linux-x64-musl@1.2.4':
    resolution: {integrity: sha512-l9eeLsCNvPpmSXUej0etw/J1eqV0Jj1D5G/xG6YTijmE6dkv6E2QezgWbTfQk63v952DPqrjOCoiqxq7Bw0YUQ==}
    engines: {node: ^20.19.0 || >=22.12.0}
    cpu: [x64]
    os: [linux]
    libc: [musl]

  '@rolldown/binding-openharmony-arm64@1.2.4':
    resolution: {integrity: sha512-e0F355MSTMm3+UOqtV3L24gFUp2N5m1f8L/7d56deik6va+AXdrt9F8LbzGpeWGWRbZEDq4m8NVnJDeBtf9DZg==}
    engines: {node: ^20.19.0 || >=22.12.0}
    cpu: [arm64]
    os: [openharmony]

  '@rolldown/binding-win32-arm64-msvc@1.2.4':
    resolution: {integrity: sha512-AWLi0uBRYh6QlE7OKhiz+phZC0qwtij2QZmhmOdsLdFn64m7oMpooE9ICE3lhm9xMb4SpDo2WbHcxX1iFLFtqw==}
    engines: {node: ^20.19.0 || >=22.12.0}
    cpu: [arm64]
    os: [win32]

  '@rolldown/binding-win32-x64-msvc@1.2.4':
    resolution: {integrity: sha512-UwSDJOg3dqCAejWdxclJjCsh3Qq4vLYMDxmyHqo1btz3stK2VqgwNd3mm5tuIwzSlGIQ/1H9Hr+Zn09mrezNqQ==}
    engines: {node: ^20.19.0 || >=22.12.0}
    cpu: [x64]
    os: [win32]

  '@rolldown/pluginutils@1.0.1':
    resolution: {integrity: sha512-2j9bGt5Jh8hj+vPtgzPtl72j0yRxHAyumoo6TNfAjsLB04UtpSvPbPcDcBMxz7n+9CYB0c1GxQFxYRg2jimqGw==}

  '@volar/language-core@2.4.28':
    resolution: {integrity: sha512-w4qhIJ8ZSitgLAkVay6AbcnC7gP3glYM3fYwKV3srj8m494E3xtrCv6E+bWviiK/8hs6e6t1ij1s2Endql7vzQ==}

  '@volar/language-server@2.4.28':
    resolution: {integrity: sha512-NqcLnE5gERKuS4PUFwlhMxf6vqYo7hXtbMFbViXcbVkbZ905AIVWhnSo0ZNBC2V127H1/2zP7RvVOVnyITFfBw==}

  '@volar/language-service@2.4.28':
    resolution: {integrity: sha512-Rh/wYCZJrI5vCwMk9xyw/Z+MsWxlJY1rmMZPsxUoJKfzIRjS/NF1NmnuEcrMbEVGja00aVpCsInJfixQTMdvLw==}

  '@volar/source-map@2.4.28':
    resolution: {integrity: sha512-yX2BDBqJkRXfKw8my8VarTyjv48QwxdJtvRgUpNE5erCsgEUdI2DsLbpa+rOQVAJYshY99szEcRDmyHbF10ggQ==}

  '@volar/typescript@2.4.28':
    resolution: {integrity: sha512-Ja6yvWrbis2QtN4ClAKreeUZPVYMARDYZl9LMEv1iQ1QdepB6wn0jTRxA9MftYmYa4DQ4k/DaSZpFPUfxl8giw==}

  '@vue/compiler-core@3.5.41':
    resolution: {integrity: sha512-q0Xtv/F9w2YO/7htQhtiL+Ev2WCJbe5N2hc+XfgyKkEKqWpSxknmT8QOuGdEKNdjPq0c3F7rNpFkTo3Kfrm7pg==}

  '@vue/compiler-dom@3.5.41':
    resolution: {integrity: sha512-oKacVfNglLvGjnS6BXOlGL7EyG2h8X03pqXCjzotRZUaXGjbrTJUnVAQjrCqUnS+lyu31nwQjZY/d817GmCnfw==}

  '@vue/compiler-sfc@3.5.41':
    resolution: {integrity: sha512-XJhip7R2wy6vX3knCxdZN4KracFaZUef58s1KYewqluedHIJaPIVfXoYT7MF1F8nCvv6k8bWWxDC8opMkg1VTQ==}

  '@vue/compiler-ssr@3.5.41':
    resolution: {integrity: sha512-U3v5OejKEGqOI0Wy0+Sz7hGuIFZHA4LSXzrNM3IMIeDyJEBBfTpX26n3SDgToRpP2bLc9FfI2j/kSgcJ8Emq5A==}

  '@vue/shared@3.5.41':
    resolution: {integrity: sha512-IOnwSCma8j+9xJT6b8H0dEYidC80NsYmNMlZxRsukYcSoGaDBohog5hDxzeUXdFeGWFA++vWvxqOmrr96VlqMA==}

  '@yuku-codegen/binding-android-arm64@0.8.7':
    resolution: {integrity: sha512-C/0zV5IhgVdYhGJTwrY0v8dknxlhiKwtVJkMUaexu9/QvRmzlV4vfU3hZlUSgqc2BxQHntL1mCVbDq8j0FRFDw==}
    cpu: [arm64]
    os: [android]

  '@yuku-codegen/binding-darwin-arm64@0.8.7':
    resolution: {integrity: sha512-/u+REDMI4a0/lsJXTM4c53/w31OGZLOReZIyg62uhgLs0kc8NHsj/nOcxTdlQjq5gi0zhdkccD9LaLTXcdzPvw==}
    cpu: [arm64]
    os: [darwin]

  '@yuku-codegen/binding-darwin-x64@0.8.7':
    resolution: {integrity: sha512-sMMzFOwCo4WXR+/6zIBThOocSC50iIIZZdfiIDbaLvj0Ax/rWt/iavyfEAqajyvzydLyCqR/ZItdLWSRlu1umw==}
    cpu: [x64]
    os: [darwin]

  '@yuku-codegen/binding-freebsd-x64@0.8.7':
    resolution: {integrity: sha512-MpdpKXix9P+Y1rKgjvcNeNtGjXeL1CmttNhYINrWls8kRpm4xM/oBGTmn6w7to8lAlwj5jm8q03dQPl5mRv4Qw==}
    cpu: [x64]
    os: [freebsd]

  '@yuku-codegen/binding-linux-arm-gnu@0.8.7':
    resolution: {integrity: sha512-rr1srFLlPAmC1vtxfc9C1YLDe3iH09YjfSeeIidBqKhzx1MATjOAq4mjlRUOnhr/L27MotWIYOFKwVsd5JZFOg==}
    cpu: [arm]
    os: [linux]
    libc: [glibc]

  '@yuku-codegen/binding-linux-arm-musl@0.8.7':
    resolution: {integrity: sha512-eAufXh8qBRpiSO6ueaMDL+yyoXIGLhpUce72YbcACtZU2qhExwBIJyEtQf5kH2Ki0X2aqkSjSfog4OPtKXan3Q==}
    cpu: [arm]
    os: [linux]
    libc: [musl]

  '@yuku-codegen/binding-linux-arm64-gnu@0.8.7':
    resolution: {integrity: sha512-gw4w6wPoHObBrdIC4duVWLmJOvpdE25j5D7yrM5mACNlK4klRz/lv8hK+ssQk9EJHBgZjSaqZIJVFgqNYbfv7A==}
    cpu: [arm64]
    os: [linux]
    libc: [glibc]

  '@yuku-codegen/binding-linux-arm64-musl@0.8.7':
    resolution: {integrity: sha512-L68N6Y4XkqcIaKo3Ra88JEvBEH4AHff44A4INcrxeVWZ8CZtu2tCpfVxe3hR8qQQMcvBSQlDn24KpkCKEhVvfA==}
    cpu: [arm64]
    os: [linux]
    libc: [musl]

  '@yuku-codegen/binding-linux-x64-gnu@0.8.7':
    resolution: {integrity: sha512-dzyAbltJmf3Cqlb8HcFuYIf5Yn0fl1vTr3XJ9HiVNNvOlhqPSArOqtw9vI1p6/VTXTjrMLXlU+s+/kNHiIy/Cw==}
    cpu: [x64]
    os: [linux]
    libc: [glibc]

  '@yuku-codegen/binding-linux-x64-musl@0.8.7':
    resolution: {integrity: sha512-Otw4MH3404q0Bbvl+YTdW9aoUV5vXmUw8260bWvt1XlaoIX/ceSgI4ygheRDMfBPoHt6FDayQaO9OLVUZAgkFA==}
    cpu: [x64]
    os: [linux]
    libc: [musl]

  '@yuku-codegen/binding-win32-arm64@0.8.7':
    resolution: {integrity: sha512-qo/jyrzryiBuKEsFiuWaBCBe3tRMynQ0qFWFgOEjcCMQeZfBm+wKiVEUEFXXLc7bh8YezguAWp0Mtnhq4ARNyA==}
    cpu: [arm64]
    os: [win32]

  '@yuku-codegen/binding-win32-x64@0.8.7':
    resolution: {integrity: sha512-D5lDsVDx6m00E6bWySlWdH72Ca4TPSaphDqB6QjU6MpuNLIJqoGoatYyq2rOmBE8Zv/kunot/o58KGL03P3eiA==}
    cpu: [x64]
    os: [win32]

  '@yuku-parser/binding-android-arm64@0.8.7':
    resolution: {integrity: sha512-eGKYiUDX7Y0V7tDTmg+JTVnXnjMqfXXsorZ+EDf5kxwchQ3Or1HS14MzI2fw+jFhHR85fCWt+mtX33Yao73hIQ==}
    cpu: [arm64]
    os: [android]

  '@yuku-parser/binding-darwin-arm64@0.8.7':
    resolution: {integrity: sha512-Re0RHelKLnjEURulY2/KxW+Ngb8zuNA4BRZuMwgGQNzVumT6u4U2N2hc01oeYVNVof0i7GrXE4UCNBgbpRRnjQ==}
    cpu: [arm64]
    os: [darwin]

  '@yuku-parser/binding-darwin-x64@0.8.7':
    resolution: {integrity: sha512-Hn8DROtQkjlA1ACbPgj4a7eP9IuVOI504oiTwpkWPbpaDWD9KdmnVYCqW+1LfenNK/g7O9NhWGpXEdaCNX7lIA==}
    cpu: [x64]
    os: [darwin]

  '@yuku-parser/binding-freebsd-x64@0.8.7':
    resolution: {integrity: sha512-bAP2OV8wRuzplX/jYxv9+vvqQT8JxyNphI8fLfXGL054Xs+4/J5u33cIm3y4rxY8rdoLmmdiJs2Tq7r7lrDRfA==}
    cpu: [x64]
    os: [freebsd]

  '@yuku-parser/binding-linux-arm-gnu@0.8.7':
    resolution: {integrity: sha512-kTYwJQQgmZeAWdDIWabiReIZMpmfLueIj1tCmjStUtFGhR1Z0qwxonKVfUC4N7h/VhGGzLZ//7O1kgt1QKqgCg==}
    cpu: [arm]
    os: [linux]
    libc: [glibc]

  '@yuku-parser/binding-linux-arm-musl@0.8.7':
    resolution: {integrity: sha512-uL4jE8HPT2BLlxAXyD10LqgPuXa9eDa0BKpCdSANmzIJghq/2eZo3/gQNtaxPZMupWoxjYzSad9IXrwu7aYPXQ==}
    cpu: [arm]
    os: [linux]
    libc: [musl]

  '@yuku-parser/binding-linux-arm64-gnu@0.8.7':
    resolution: {integrity: sha512-3gVN4pWSKZmXiNX7cU164dR9MPvesCHnlH6nPfpK+yQsCuYphjKKplcb4SnZBrhiqmXbgb2HR0c2TS0IZUPhgA==}
    cpu: [arm64]
    os: [linux]
    libc: [glibc]

  '@yuku-parser/binding-linux-arm64-musl@0.8.7':
    resolution: {integrity: sha512-S0mwfEjoLpxzXeZw802Wa4RaELsQiPtWqG6INcy8j4GtvNFtl4LCX3eGO1XLn9pyLAISLzTRyU3zUCBUPin8lg==}
    cpu: [arm64]
    os: [linux]
    libc: [musl]

  '@yuku-parser/binding-linux-x64-gnu@0.8.7':
    resolution: {integrity: sha512-lnbWdPmerE5D1uH1G4IEZKnPzCrWCStRGrtgpSIe1RibAo5bZIjDbbbPYXmMHCEh4F+x/JaJpElh26a3r+BPbg==}
    cpu: [x64]
    os: [linux]
    libc: [glibc]

  '@yuku-parser/binding-linux-x64-musl@0.8.7':
    resolution: {integrity: sha512-769uwndMvMzUvATWbAcEvyLHKA+DzhHSCl/obBUrRdYfRo26yxui6S8y3z7uJ+Naup7UKrDxrpK7OnQkxkl9KQ==}
    cpu: [x64]
    os: [linux]
    libc: [musl]

  '@yuku-parser/binding-win32-arm64@0.8.7':
    resolution: {integrity: sha512-mEB/9PlaAkisJ6KWGz0zvywXoU6+80dTlR2LwS7s/jcXXoU6fm2+sitBZXtqu3+Q4DcDgPxM45uWMCzPs0TSRw==}
    cpu: [arm64]
    os: [win32]

  '@yuku-parser/binding-win32-x64@0.8.7':
    resolution: {integrity: sha512-8vNB2DP0ou61nGb8tc/qfi41gfyDXz1MHr2zqL3nR+cJ6CEbiuWV/l/a/vv151gCgiZLLAyGkQGENpozdg716w==}
    cpu: [x64]
    os: [win32]

  '@yuku-toolchain/types@0.8.7':
    resolution: {integrity: sha512-2Z53dNxAJL6UvFoIrDZvYf3zlO8s4VJK4O2hhaB4mXVwwpX/7ajtss3cmfqKvamlNLWyt9FSWs4eoYdlbxpnHA==}

  adm-zip@0.6.0:
    resolution: {integrity: sha512-XleryMhbuksdKtofnWZ9Sk+4CUTbms4Mb/EU32SZwToAyZ5RgVos/ki8n+yr0LWHOGKuakbXTuuYNHLQjhddgg==}
    engines: {node: '>=14.0'}

  cac@7.0.0:
    resolution: {integrity: sha512-tixWYgm5ZoOD+3g6UTea91eow5z6AAHaho3g0V9CNSNb45gM8SmflpAc+GRd1InC4AqN/07Unrgp56Y94N9hJQ==}
    engines: {node: '>=20.19.0'}

  chokidar@5.0.0:
    resolution: {integrity: sha512-TQMmc3w+5AxjpL8iIiwebF73dRDF4fBIieAqGn9RGCWaEVwQ6Fb2cGe31Yns0RRIzii5goJ1Y7xbMwo1TxMplw==}
    engines: {node: '>= 20.19.0'}

  cross-env@10.1.0:
    resolution: {integrity: sha512-GsYosgnACZTADcmEyJctkJIoqAhHjttw7RsFrVoJNXbsWWqaq6Ym+7kZjq6mS45O0jij6vtiReppKQEtqWy6Dw==}
    engines: {node: '>=20'}
    hasBin: true

  cross-spawn@7.0.6:
    resolution: {integrity: sha512-uV2QOWP2nWzsy2aMp8aRibhi9dlzF5Hgh5SHaB9OiTGEyDTiJJyx0uy51QXdyWbtAHNua4XJzUKca3OzKUd3vA==}
    engines: {node: '>= 8'}

  dts-resolver@3.0.0:
    resolution: {integrity: sha512-1T1f+z+4tl9XD+m+0HBgWoL/nm0bOIffyWaUuUSBlFg/86IWvfx+wjNaO/ybU0AJzG9/Mi5hBUgGV6zCmWEN7Q==}
    engines: {node: ^22.18.0 || >=24.0.0}
    peerDependencies:
      oxc-resolver: '>=11.0.0'
    peerDependenciesMeta:
      oxc-resolver:
        optional: true

  entities@7.0.1:
    resolution: {integrity: sha512-TWrgLOFUQTH994YUyl1yT4uyavY5nNB5muff+RtWaqNVCAK408b5ZnnbNAUEWLTCpum9w6arT70i1XdQ4UeOPA==}
    engines: {node: '>=0.12'}

  estree-walker@2.0.2:
    resolution: {integrity: sha512-Rfkk/Mp/DL7JVje3u18FxFujQlTNR2q6QfMSMB7AvCBx91NGj/ba3kCfza0f6dVDbw7YlRf/nDrn7pQrCCyQ/w==}

  get-tsconfig@5.0.0-beta.5:
    resolution: {integrity: sha512-/6gFNr0N04nob252sTQxyFLi3eKFRqIg1I87YcqAMT1i6SQrSF6KujUEQrtrjMV0H/eejTCltLdDSTEMzHbnsQ==}
    engines: {node: '>=20.20.0'}

  isexe@2.0.0:
    resolution: {integrity: sha512-RHxMLp9lnKHGHRng9QFhRCMbYAcVpn69smSGcq3f36xjgVVWThj4qqLbTLlq7Ssj8B+fIQ1EuCEGI2lKsyQeIw==}

  jsesc@3.1.0:
    resolution: {integrity: sha512-/sM3dO2FOzXjKQhJuo0Q173wf2KOo8t4I8vHy6lF9poUp7bKT0/NHE8fPX23PwfhnykfqnC2xRxOnVw5XuGIaA==}
    engines: {node: '>=6'}
    hasBin: true

  magic-string@0.30.21:
    resolution: {integrity: sha512-vd2F4YUyEXKGcLHoq+TEyCjxueSeHnFxyyjNp80yg0XV4vUhnDer/lvvlqM/arB5bXQN5K2/3oinyCRyx8T2CQ==}

  mbler@0.2.14-rc.2:
    resolution: {integrity: sha512-sIIBPVQ2At+U4ErgpO1bZxCCGhN0NmdG9Nh7YFdVTezDsiNXYd3t0+BUpEll/cLzM5gc6bEOF8kBnMj4I77GdA==}
    engines: {node: '>=20.0.0'}
    hasBin: true
    peerDependencies:
      '@mbler/mcx-core': '>=0.1.3-rc.14'
      rolldown: ^1.2.0
      typescript: ^5.9.3

  mcbe-brarchive-ts@0.1.3:
    resolution: {integrity: sha512-7gy1xFuuDiXbQZ1s19HrVHgZhxGM6dT9nq8W/aeWwODmPp1oFHQLGSx7AProrTJDfasEEYb0TjUrFAPUvVmhiQ==}
    engines: {node: '>=20'}
    hasBin: true

  mcx-tsc@0.0.2-rc.1:
    resolution: {integrity: sha512-HF8wDMvY077eWjfBQ+kdYERJg4/dObzIezjVMH7UIeSbwzvmeMqRQrzE/3+aZnm8Tb0nN0QYFKP9SVJva/BrTg==}
    engines: {node: '>=20'}
    hasBin: true
    peerDependencies:
      typescript: ^5.9.3

  nanoid@3.3.18:
    resolution: {integrity: sha512-DTg4MJbGMWkfi6VZFdNt2/caMbQy4Ou+Op/hJQvGEWcnVfoA1QA+xzRKAzw9jD6+GVOOeYr/mIcuDSdug6F6+w==}
    engines: {node: ^10 || ^12 || ^13.7 || ^14 || >=15.0.1}
    hasBin: true

  obug@2.1.4:
    resolution: {integrity: sha512-4a+OsYv9UktOJKE+l1A4OufDgdRF9PifWj+tJnHURo/P+WOxpG4GzUFL9qCalmWauao6ogiG+QvnCovwPoyAWA==}
    engines: {node: '>=12.20.0'}

  path-browserify@1.0.1:
    resolution: {integrity: sha512-b7uo2UCUOYZcnF/3ID0lulOJi/bafxa1xPe7ZPsammBSpjSWQkjNxlt635YGS2MiR9GjvuXCtz2emr3jbsz98g==}

  path-key@3.1.1:
    resolution: {integrity: sha512-ojmeN0qd+y0jszEtoY48r0Peq5dwMEkIlCOu6Q5f41lfkswXuKtYrhgoTpLnyIcHm24Uhqx+5Tqm2InSwLhE6Q==}
    engines: {node: '>=8'}

  picocolors@1.1.1:
    resolution: {integrity: sha512-xceH2snhtb5M9liqDsmEw56le376mTZkEX/jEb/RxNFyegNul7eNslCXP9FDj/Lcu0X8KEyMceP2ntpaHrDEVA==}

  postcss@8.5.26:
    resolution: {integrity: sha512-u82N74LFzG8ca+dD8puPnplTXoGH4fTPpVGuIbt36G3qvNlkvfD0lEAZSxaly3KX8TS/L1A1gsCEmvKmBcVbkQ==}
    engines: {node: ^10 || ^12 || >=14}

  readdirp@5.1.1:
    resolution: {integrity: sha512-Kko+Y5XQ6fM+Ce3dq3m9YGxnacYZYl9cA1wZjaF3Vbry2L3i1qVg8+CAgNPsXRArPMUMCaOR7oa9Nqntc43JKA==}
    engines: {node: '>= 20.19.0'}

  request-light@0.7.0:
    resolution: {integrity: sha512-lMbBMrDoxgsyO+yB3sDcrDuX85yYt7sS8BfQd11jtbW/z5ZWgLZRcEGLsLoYw7I0WSUGQBs8CC8ScIxkTX1+6Q==}

  resolve-pkg-maps@1.0.0:
    resolution: {integrity: sha512-seS2Tj26TBVOC2NIc2rOe2y2ZO7efxITtLZcGSOnHHNOQ7CkiUBfw0Iw2ck6xkIhPwLhKNLS8BO+hEpngQlqzw==}

  rolldown-plugin-dts@0.28.2:
    resolution: {integrity: sha512-U0Ng45ZaESZ7rJtQtgCWkJYCpMgH42yIj3xv9HGAsh/dJ8XBhjI4lcqh4NOWx8+CAxoY2HWg8VYINML2yE9A5A==}
    engines: {node: ^22.18.0 || ^24.11.0 || >=26.0.0}
    peerDependencies:
      '@typescript/native-preview': '*'
      '@volar/typescript': ~2.4.0
      rolldown: ^1.2.0
      typescript: ^5.0.0 || ^6.0.0 || ~7.0.0
      vue-tsc: ~3.2.0 || ~3.3.0
    peerDependenciesMeta:
      '@typescript/native-preview':
        optional: true
      '@volar/typescript':
        optional: true
      typescript:
        optional: true
      vue-tsc:
        optional: true

  rolldown@1.2.4:
    resolution: {integrity: sha512-rSr7irW0K7QRWzjdJXqZowkcRdDtjRduh43rBltnVKd0VFq839l1lJoDvGJb6gl7+4rTTCrPWu+YfujUL8Ug7w==}
    engines: {node: ^20.19.0 || >=22.12.0}
    hasBin: true

  semver@7.8.5:
    resolution: {integrity: sha512-Y7/KDsb8LjooZpwaqGyulO6DQlksgCncchHGk+sZIY4SBvUocMBEFH5Ur1fI4dV+Jvl0w6cjvucaIi40puRioA==}
    engines: {node: '>=10'}
    hasBin: true

  shebang-command@2.0.0:
    resolution: {integrity: sha512-kHxr2zZpYtdmrN1qDjrrX/Z1rR1kG8Dx+gkpK1G4eXmvXswmcE1hTWBWYUzlraYw1/yZp6YuDY77YtvbN0dmDA==}
    engines: {node: '>=8'}

  shebang-regex@3.0.0:
    resolution: {integrity: sha512-7++dFhtcx3353uBaq8DDR4NuxBetBzC7ZQOhmTQInHEd6bSrXdiEyzCvG07Z44UYdLShWUyXt5M/yhz8ekcb1A==}
    engines: {node: '>=8'}

  source-map-js@1.2.1:
    resolution: {integrity: sha512-UXWMKhLOwVKb728IUtQPXxfYU+usdybtUrK/8uGE8CQMvrhOpwvzDBwj0QhSL7MQc7vIsISBG8VQ8+IDQxpfQA==}
    engines: {node: '>=0.10.0'}

  typescript-auto-import-cache@0.3.6:
    resolution: {integrity: sha512-RpuHXrknHdVdK7wv/8ug3Fr0WNsNi5l5aB8MYYuXhq2UH5lnEB1htJ1smhtD5VeCsGr2p8mUDtd83LCQDFVgjQ==}

  typescript@5.9.3:
    resolution: {integrity: sha512-jl1vZzPDinLr9eUt3J/t7V6FgNEw9QjvBPdysz9KfQDD41fQrC2Y4vKQdiaUpFT4bXlb1RHhLpp8wtm6M5TgSw==}
    engines: {node: '>=14.17'}
    hasBin: true

  volar-service-typescript@0.0.70:
    resolution: {integrity: sha512-l46Bx4cokkUedTd74ojO5H/zqHZJ8SUuyZ0IB8JN4jfRqUM3bQFBHoOwlZCyZmOeO0A3RQNkMnFclxO4c++gsg==}
    peerDependencies:
      '@volar/language-service': ~2.4.0
    peerDependenciesMeta:
      '@volar/language-service':
        optional: true

  vscode-jsonrpc@8.2.0:
    resolution: {integrity: sha512-C+r0eKJUIfiDIfwJhria30+TYWPtuHJXHtI7J0YlOmKAo7ogxP20T0zxB7HZQIFhIyvoBPwWskjxrvAtfjyZfA==}
    engines: {node: '>=14.0.0'}

  vscode-jsonrpc@9.0.1:
    resolution: {integrity: sha512-rfuA6T75H6m5EkbhtEPzre9pT0HPcDI2MMy4+nPFIBks5J8JBAUHD4tRYSgaBOijIEC7SRkC1kKyXTLqbmh9jw==}
    engines: {node: '>=14.0.0'}

  vscode-languageserver-protocol@3.17.5:
    resolution: {integrity: sha512-mb1bvRJN8SVznADSGWM9u/b07H7Ecg0I3OgXDuLdn307rl/J3A9YD6/eYOssqhecL27hK1IPZAsaqh00i/Jljg==}

  vscode-languageserver-protocol@3.18.2:
    resolution: {integrity: sha512-XRyDbT0Pp3sSNti3JmxVEUMySWCSi1hhM+/KUlCy1hV1zmrqpM1OwO12EAki8blhmLuIMpaJrYbo0OzGVfK2Qg==}

  vscode-languageserver-textdocument@1.0.12:
    resolution: {integrity: sha512-cxWNPesCnQCcMPeenjKKsOCKQZ/L6Tv19DTRIGuLWe32lyzWhihGVJ/rcckZXJxfdKCFvRLS3fpBIsV/ZGX4zA==}

  vscode-languageserver-types@3.17.5:
    resolution: {integrity: sha512-Ld1VelNuX9pdF39h2Hgaeb5hEZM2Z3jUrrMgWQAu82jMtZp7p3vJT3BzToKtZI7NgQssZje5o0zryOrhQvzQAg==}

  vscode-languageserver-types@3.18.0:
    resolution: {integrity: sha512-8TsGPNMIMiiBdkORgRSvLjuiEIiAFtO+KssmYWxQ+uSVvlf7RjK8YKCOjPzZ+YA04jXEV7+7LvkSmHkhpNS99g==}

  vscode-languageserver@9.0.1:
    resolution: {integrity: sha512-woByF3PDpkHFUreUa7Hos7+pUWdeWMXRd26+ZX2A8cFx6v/JPTtd4/uN0/jB6XQHYaOlHbio03NTHCqrgG5n7g==}
    hasBin: true

  vscode-nls@5.2.0:
    resolution: {integrity: sha512-RAaHx7B14ZU04EU31pT+rKz2/zSl7xMsfIZuo8pd+KZO6PXtQmpevpq3vxvWNcrGbdmhM/rr5Uw5Mz+NBfhVng==}

  vscode-uri@3.1.0:
    resolution: {integrity: sha512-/BpdSx+yCQGnCvecbyXdxHDkuk55/G3xwnC0GqY4gmQ3j+A+g8kzzgB4Nk/SINjqn6+waqw3EgbVF2QKExkRxQ==}

  which@2.0.2:
    resolution: {integrity: sha512-BLI3Tl1TW3Pvl70l3yq3Y64i+awpwXqsGBYWkkqMtnbXgrMD+yj7rhW0kuEDxzJaYXGjEW5ogapKNMEKNMjibA==}
    engines: {node: '>= 8'}
    hasBin: true

  yuku-ast@0.8.7:
    resolution: {integrity: sha512-h6+4bDfyootiMB9vckk5uKo5r5j0GHrkr17FQTDNfEsFT3DWlN9uu1HJwQwc64pgmLCI945fWM3lbTIqxjT3GQ==}

  yuku-codegen@0.8.7:
    resolution: {integrity: sha512-adwDZSh8oVDzhE6Du9PwVWxcOxeV0e2EVhUuMKWfhSY4wkrDq9eqixlxFF3l/XGUV1E7UFzhpz9393MUumkyNw==}

  yuku-parser@0.8.7:
    resolution: {integrity: sha512-vRD9nwt4L3aYpxNqeSC4WqLv58xrXef0Ong1Mc45CTXTIpvLafx7JO05sczmQZwdLEZvywrLOGdNC5+Rp5N1BQ==}

snapshots:

  '@babel/generator@7.28.5':
    dependencies:
      '@babel/parser': 7.29.8
      '@babel/types': 7.29.8
      '@jridgewell/gen-mapping': 0.3.13
      '@jridgewell/trace-mapping': 0.3.31
      jsesc: 3.1.0

  '@babel/helper-string-parser@7.29.7': {}

  '@babel/helper-validator-identifier@7.29.7': {}

  '@babel/parser@7.28.5':
    dependencies:
      '@babel/types': 7.29.8

  '@babel/parser@7.29.8':
    dependencies:
      '@babel/types': 7.29.8

  '@babel/types@7.28.6':
    dependencies:
      '@babel/helper-string-parser': 7.29.7
      '@babel/helper-validator-identifier': 7.29.7

  '@babel/types@7.29.8':
    dependencies:
      '@babel/helper-string-parser': 7.29.7
      '@babel/helper-validator-identifier': 7.29.7

  '@bedrock-oss/bedrock-boost@2.1.0(@minecraft/vanilla-data@1.26.40)':
    dependencies:
      '@minecraft/common': 1.3.0
      '@minecraft/server': 2.9.0(@minecraft/common@1.3.0)(@minecraft/vanilla-data@1.26.40)
    transitivePeerDependencies:
      - '@minecraft/vanilla-data'

  '@epic-web/invariant@1.0.0': {}

  '@jridgewell/gen-mapping@0.3.13':
    dependencies:
      '@jridgewell/sourcemap-codec': 1.5.5
      '@jridgewell/trace-mapping': 0.3.31

  '@jridgewell/resolve-uri@3.1.2': {}

  '@jridgewell/sourcemap-codec@1.5.5': {}

  '@jridgewell/trace-mapping@0.3.31':
    dependencies:
      '@jridgewell/resolve-uri': 3.1.2
      '@jridgewell/sourcemap-codec': 1.5.5

  '@mbler/mcx-component@0.0.3-rc.1(@minecraft/server-ui@2.2.0-beta.1.26.40-preview.20(@minecraft/common@1.3.0)(@minecraft/server@2.10.0-beta.1.26.40-preview.20(@minecraft/common@1.3.0)(@minecraft/vanilla-data@1.26.40)))(@minecraft/server@2.10.0-beta.1.26.40-preview.20(@minecraft/common@1.3.0)(@minecraft/vanilla-data@1.26.40))':
    dependencies:
      '@mbler/mcx-types': 0.0.4-rc.8(@minecraft/server-ui@2.2.0-beta.1.26.40-preview.20(@minecraft/common@1.3.0)(@minecraft/server@2.10.0-beta.1.26.40-preview.20(@minecraft/common@1.3.0)(@minecraft/vanilla-data@1.26.40)))(@minecraft/server@2.10.0-beta.1.26.40-preview.20(@minecraft/common@1.3.0)(@minecraft/vanilla-data@1.26.40))
    transitivePeerDependencies:
      - '@minecraft/server'
      - '@minecraft/server-ui'

  '@mbler/mcx-core@0.1.3-rc.16(@minecraft/server-ui@2.2.0-beta.1.26.40-preview.20(@minecraft/common@1.3.0)(@minecraft/server@2.10.0-beta.1.26.40-preview.20(@minecraft/common@1.3.0)(@minecraft/vanilla-data@1.26.40)))(@minecraft/server@2.10.0-beta.1.26.40-preview.20(@minecraft/common@1.3.0)(@minecraft/vanilla-data@1.26.40))':
    dependencies:
      '@babel/generator': 7.28.5
      '@babel/parser': 7.28.5
      '@babel/types': 7.28.6
      '@mbler/mcx-types': 0.0.4-rc.8(@minecraft/server-ui@2.2.0-beta.1.26.40-preview.20(@minecraft/common@1.3.0)(@minecraft/server@2.10.0-beta.1.26.40-preview.20(@minecraft/common@1.3.0)(@minecraft/vanilla-data@1.26.40)))(@minecraft/server@2.10.0-beta.1.26.40-preview.20(@minecraft/common@1.3.0)(@minecraft/vanilla-data@1.26.40))
      '@volar/language-core': 2.4.28
      '@vue/compiler-core': 3.5.41
      '@vue/compiler-sfc': 3.5.41
      magic-string: 0.30.21
      typescript: 5.9.3
    transitivePeerDependencies:
      - '@minecraft/server'
      - '@minecraft/server-ui'

  '@mbler/mcx-server@0.1.5-rc.0(@minecraft/server-ui@2.2.0-beta.1.26.40-preview.20(@minecraft/common@1.3.0)(@minecraft/server@2.10.0-beta.1.26.40-preview.20(@minecraft/common@1.3.0)(@minecraft/vanilla-data@1.26.40)))(@minecraft/server@2.10.0-beta.1.26.40-preview.20(@minecraft/common@1.3.0)(@minecraft/vanilla-data@1.26.40))(@volar/language-service@2.4.28)':
    dependencies:
      '@babel/parser': 7.29.8
      '@mbler/mcx': 0.0.5(@minecraft/server-ui@2.2.0-beta.1.26.40-preview.20(@minecraft/common@1.3.0)(@minecraft/server@2.10.0-beta.1.26.40-preview.20(@minecraft/common@1.3.0)(@minecraft/vanilla-data@1.26.40)))(@minecraft/server@2.10.0-beta.1.26.40-preview.20(@minecraft/common@1.3.0)(@minecraft/vanilla-data@1.26.40))
      '@mbler/mcx-core': 0.1.3-rc.16(@minecraft/server-ui@2.2.0-beta.1.26.40-preview.20(@minecraft/common@1.3.0)(@minecraft/server@2.10.0-beta.1.26.40-preview.20(@minecraft/common@1.3.0)(@minecraft/vanilla-data@1.26.40)))(@minecraft/server@2.10.0-beta.1.26.40-preview.20(@minecraft/common@1.3.0)(@minecraft/vanilla-data@1.26.40))
      '@mbler/mcx-types': 0.0.4-rc.8(@minecraft/server-ui@2.2.0-beta.1.26.40-preview.20(@minecraft/common@1.3.0)(@minecraft/server@2.10.0-beta.1.26.40-preview.20(@minecraft/common@1.3.0)(@minecraft/vanilla-data@1.26.40)))(@minecraft/server@2.10.0-beta.1.26.40-preview.20(@minecraft/common@1.3.0)(@minecraft/vanilla-data@1.26.40))
      '@volar/language-core': 2.4.28
      '@volar/language-server': 2.4.28
      typescript: 5.9.3
      volar-service-typescript: 0.0.70(@volar/language-service@2.4.28)
      vscode-languageserver: 9.0.1
    transitivePeerDependencies:
      - '@minecraft/server'
      - '@minecraft/server-ui'
      - '@volar/language-service'

  '@mbler/mcx-types@0.0.4-rc.8(@minecraft/server-ui@2.2.0-beta.1.26.40-preview.20(@minecraft/common@1.3.0)(@minecraft/server@2.10.0-beta.1.26.40-preview.20(@minecraft/common@1.3.0)(@minecraft/vanilla-data@1.26.40)))(@minecraft/server@2.10.0-beta.1.26.40-preview.20(@minecraft/common@1.3.0)(@minecraft/vanilla-data@1.26.40))':
    dependencies:
      '@minecraft/server': 2.10.0-beta.1.26.40-preview.20(@minecraft/common@1.3.0)(@minecraft/vanilla-data@1.26.40)
      '@minecraft/server-ui': 2.2.0-beta.1.26.40-preview.20(@minecraft/common@1.3.0)(@minecraft/server@2.10.0-beta.1.26.40-preview.20(@minecraft/common@1.3.0)(@minecraft/vanilla-data@1.26.40))

  '@mbler/mcx@0.0.5(@minecraft/server-ui@2.2.0-beta.1.26.40-preview.20(@minecraft/common@1.3.0)(@minecraft/server@2.10.0-beta.1.26.40-preview.20(@minecraft/common@1.3.0)(@minecraft/vanilla-data@1.26.40)))(@minecraft/server@2.10.0-beta.1.26.40-preview.20(@minecraft/common@1.3.0)(@minecraft/vanilla-data@1.26.40))':
    dependencies:
      '@minecraft/server': 2.10.0-beta.1.26.40-preview.20(@minecraft/common@1.3.0)(@minecraft/vanilla-data@1.26.40)
      '@minecraft/server-ui': 2.2.0-beta.1.26.40-preview.20(@minecraft/common@1.3.0)(@minecraft/server@2.10.0-beta.1.26.40-preview.20(@minecraft/common@1.3.0)(@minecraft/vanilla-data@1.26.40))

  '@minecraft/common@1.3.0': {}

  '@minecraft/server-ui@2.2.0-beta.1.26.40-preview.20(@minecraft/common@1.3.0)(@minecraft/server@2.10.0-beta.1.26.40-preview.20(@minecraft/common@1.3.0)(@minecraft/vanilla-data@1.26.40))':
    dependencies:
      '@minecraft/common': 1.3.0
      '@minecraft/server': 2.10.0-beta.1.26.40-preview.20(@minecraft/common@1.3.0)(@minecraft/vanilla-data@1.26.40)

  '@minecraft/server@2.10.0-beta.1.26.40-preview.20(@minecraft/common@1.3.0)(@minecraft/vanilla-data@1.26.40)':
    dependencies:
      '@minecraft/common': 1.3.0
      '@minecraft/vanilla-data': 1.26.40

  '@minecraft/server@2.9.0(@minecraft/common@1.3.0)(@minecraft/vanilla-data@1.26.40)':
    dependencies:
      '@minecraft/common': 1.3.0
      '@minecraft/vanilla-data': 1.26.40

  '@minecraft/vanilla-data@1.26.40': {}

  '@ojang/vanilla-lootdata@0.0.1-rc.5(@minecraft/server@2.10.0-beta.1.26.40-preview.20(@minecraft/common@1.3.0)(@minecraft/vanilla-data@1.26.40))':
    dependencies:
      '@minecraft/server': 2.10.0-beta.1.26.40-preview.20(@minecraft/common@1.3.0)(@minecraft/vanilla-data@1.26.40)

  '@oxc-project/types@0.144.0': {}

  '@rolldown/binding-android-arm64@1.2.4':
    optional: true

  '@rolldown/binding-darwin-arm64@1.2.4':
    optional: true

  '@rolldown/binding-darwin-x64@1.2.4':
    optional: true

  '@rolldown/binding-freebsd-x64@1.2.4':
    optional: true

  '@rolldown/binding-linux-arm-gnueabihf@1.2.4':
    optional: true

  '@rolldown/binding-linux-arm64-gnu@1.2.4':
    optional: true

  '@rolldown/binding-linux-arm64-musl@1.2.4':
    optional: true

  '@rolldown/binding-linux-ppc64-gnu@1.2.4':
    optional: true

  '@rolldown/binding-linux-s390x-gnu@1.2.4':
    optional: true

  '@rolldown/binding-linux-x64-gnu@1.2.4':
    optional: true

  '@rolldown/binding-linux-x64-musl@1.2.4':
    optional: true

  '@rolldown/binding-openharmony-arm64@1.2.4':
    optional: true

  '@rolldown/binding-win32-arm64-msvc@1.2.4':
    optional: true

  '@rolldown/binding-win32-x64-msvc@1.2.4':
    optional: true

  '@rolldown/pluginutils@1.0.1': {}

  '@volar/language-core@2.4.28':
    dependencies:
      '@volar/source-map': 2.4.28

  '@volar/language-server@2.4.28':
    dependencies:
      '@volar/language-core': 2.4.28
      '@volar/language-service': 2.4.28
      '@volar/typescript': 2.4.28
      path-browserify: 1.0.1
      request-light: 0.7.0
      vscode-languageserver: 9.0.1
      vscode-languageserver-protocol: 3.18.2
      vscode-languageserver-textdocument: 1.0.12
      vscode-uri: 3.1.0

  '@volar/language-service@2.4.28':
    dependencies:
      '@volar/language-core': 2.4.28
      vscode-languageserver-protocol: 3.18.2
      vscode-languageserver-textdocument: 1.0.12
      vscode-uri: 3.1.0

  '@volar/source-map@2.4.28': {}

  '@volar/typescript@2.4.28':
    dependencies:
      '@volar/language-core': 2.4.28
      path-browserify: 1.0.1
      vscode-uri: 3.1.0

  '@vue/compiler-core@3.5.41':
    dependencies:
      '@babel/parser': 7.29.8
      '@vue/shared': 3.5.41
      entities: 7.0.1
      estree-walker: 2.0.2
      source-map-js: 1.2.1

  '@vue/compiler-dom@3.5.41':
    dependencies:
      '@vue/compiler-core': 3.5.41
      '@vue/shared': 3.5.41

  '@vue/compiler-sfc@3.5.41':
    dependencies:
      '@babel/parser': 7.29.8
      '@vue/compiler-core': 3.5.41
      '@vue/compiler-dom': 3.5.41
      '@vue/compiler-ssr': 3.5.41
      '@vue/shared': 3.5.41
      estree-walker: 2.0.2
      magic-string: 0.30.21
      postcss: 8.5.26
      source-map-js: 1.2.1

  '@vue/compiler-ssr@3.5.41':
    dependencies:
      '@vue/compiler-dom': 3.5.41
      '@vue/shared': 3.5.41

  '@vue/shared@3.5.41': {}

  '@yuku-codegen/binding-android-arm64@0.8.7':
    optional: true

  '@yuku-codegen/binding-darwin-arm64@0.8.7':
    optional: true

  '@yuku-codegen/binding-darwin-x64@0.8.7':
    optional: true

  '@yuku-codegen/binding-freebsd-x64@0.8.7':
    optional: true

  '@yuku-codegen/binding-linux-arm-gnu@0.8.7':
    optional: true

  '@yuku-codegen/binding-linux-arm-musl@0.8.7':
    optional: true

  '@yuku-codegen/binding-linux-arm64-gnu@0.8.7':
    optional: true

  '@yuku-codegen/binding-linux-arm64-musl@0.8.7':
    optional: true

  '@yuku-codegen/binding-linux-x64-gnu@0.8.7':
    optional: true

  '@yuku-codegen/binding-linux-x64-musl@0.8.7':
    optional: true

  '@yuku-codegen/binding-win32-arm64@0.8.7':
    optional: true

  '@yuku-codegen/binding-win32-x64@0.8.7':
    optional: true

  '@yuku-parser/binding-android-arm64@0.8.7':
    optional: true

  '@yuku-parser/binding-darwin-arm64@0.8.7':
    optional: true

  '@yuku-parser/binding-darwin-x64@0.8.7':
    optional: true

  '@yuku-parser/binding-freebsd-x64@0.8.7':
    optional: true

  '@yuku-parser/binding-linux-arm-gnu@0.8.7':
    optional: true

  '@yuku-parser/binding-linux-arm-musl@0.8.7':
    optional: true

  '@yuku-parser/binding-linux-arm64-gnu@0.8.7':
    optional: true

  '@yuku-parser/binding-linux-arm64-musl@0.8.7':
    optional: true

  '@yuku-parser/binding-linux-x64-gnu@0.8.7':
    optional: true

  '@yuku-parser/binding-linux-x64-musl@0.8.7':
    optional: true

  '@yuku-parser/binding-win32-arm64@0.8.7':
    optional: true

  '@yuku-parser/binding-win32-x64@0.8.7':
    optional: true

  '@yuku-toolchain/types@0.8.7': {}

  adm-zip@0.6.0: {}

  cac@7.0.0: {}

  chokidar@5.0.0:
    dependencies:
      readdirp: 5.1.1

  cross-env@10.1.0:
    dependencies:
      '@epic-web/invariant': 1.0.0
      cross-spawn: 7.0.6

  cross-spawn@7.0.6:
    dependencies:
      path-key: 3.1.1
      shebang-command: 2.0.0
      which: 2.0.2

  dts-resolver@3.0.0: {}

  entities@7.0.1: {}

  estree-walker@2.0.2: {}

  get-tsconfig@5.0.0-beta.5:
    dependencies:
      resolve-pkg-maps: 1.0.0

  isexe@2.0.0: {}

  jsesc@3.1.0: {}

  magic-string@0.30.21:
    dependencies:
      '@jridgewell/sourcemap-codec': 1.5.5

  mbler@0.2.14-rc.2(@mbler/mcx-core@0.1.3-rc.16(@minecraft/server-ui@2.2.0-beta.1.26.40-preview.20(@minecraft/common@1.3.0)(@minecraft/server@2.10.0-beta.1.26.40-preview.20(@minecraft/common@1.3.0)(@minecraft/vanilla-data@1.26.40)))(@minecraft/server@2.10.0-beta.1.26.40-preview.20(@minecraft/common@1.3.0)(@minecraft/vanilla-data@1.26.40)))(@volar/typescript@2.4.28)(rolldown@1.2.4)(typescript@5.9.3):
    dependencies:
      '@mbler/mcx-core': 0.1.3-rc.16(@minecraft/server-ui@2.2.0-beta.1.26.40-preview.20(@minecraft/common@1.3.0)(@minecraft/server@2.10.0-beta.1.26.40-preview.20(@minecraft/common@1.3.0)(@minecraft/vanilla-data@1.26.40)))(@minecraft/server@2.10.0-beta.1.26.40-preview.20(@minecraft/common@1.3.0)(@minecraft/vanilla-data@1.26.40))
      adm-zip: 0.6.0
      chokidar: 5.0.0
      mcbe-brarchive-ts: 0.1.3(@volar/typescript@2.4.28)(rolldown@1.2.4)(typescript@5.9.3)
      rolldown: 1.2.4
      typescript: 5.9.3
    transitivePeerDependencies:
      - '@typescript/native-preview'
      - '@volar/typescript'
      - oxc-resolver
      - vue-tsc

  mcbe-brarchive-ts@0.1.3(@volar/typescript@2.4.28)(rolldown@1.2.4)(typescript@5.9.3):
    dependencies:
      cac: 7.0.0
      rolldown-plugin-dts: 0.28.2(@volar/typescript@2.4.28)(rolldown@1.2.4)(typescript@5.9.3)
    transitivePeerDependencies:
      - '@typescript/native-preview'
      - '@volar/typescript'
      - oxc-resolver
      - rolldown
      - typescript
      - vue-tsc

  mcx-tsc@0.0.2-rc.1(@minecraft/server-ui@2.2.0-beta.1.26.40-preview.20(@minecraft/common@1.3.0)(@minecraft/server@2.10.0-beta.1.26.40-preview.20(@minecraft/common@1.3.0)(@minecraft/vanilla-data@1.26.40)))(@minecraft/server@2.10.0-beta.1.26.40-preview.20(@minecraft/common@1.3.0)(@minecraft/vanilla-data@1.26.40))(@volar/language-service@2.4.28)(typescript@5.9.3):
    dependencies:
      '@mbler/mcx-server': 0.1.5-rc.0(@minecraft/server-ui@2.2.0-beta.1.26.40-preview.20(@minecraft/common@1.3.0)(@minecraft/server@2.10.0-beta.1.26.40-preview.20(@minecraft/common@1.3.0)(@minecraft/vanilla-data@1.26.40)))(@minecraft/server@2.10.0-beta.1.26.40-preview.20(@minecraft/common@1.3.0)(@minecraft/vanilla-data@1.26.40))(@volar/language-service@2.4.28)
      '@volar/language-core': 2.4.28
      '@volar/typescript': 2.4.28
      typescript: 5.9.3
    transitivePeerDependencies:
      - '@minecraft/server'
      - '@minecraft/server-ui'
      - '@volar/language-service'

  nanoid@3.3.18: {}

  obug@2.1.4: {}

  path-browserify@1.0.1: {}

  path-key@3.1.1: {}

  picocolors@1.1.1: {}

  postcss@8.5.26:
    dependencies:
      nanoid: 3.3.18
      picocolors: 1.1.1
      source-map-js: 1.2.1

  readdirp@5.1.1: {}

  request-light@0.7.0: {}

  resolve-pkg-maps@1.0.0: {}

  rolldown-plugin-dts@0.28.2(@volar/typescript@2.4.28)(rolldown@1.2.4)(typescript@5.9.3):
    dependencies:
      dts-resolver: 3.0.0
      get-tsconfig: 5.0.0-beta.5
      obug: 2.1.4
      rolldown: 1.2.4
      yuku-ast: 0.8.7
      yuku-codegen: 0.8.7
      yuku-parser: 0.8.7
    optionalDependencies:
      '@volar/typescript': 2.4.28
      typescript: 5.9.3
    transitivePeerDependencies:
      - oxc-resolver

  rolldown@1.2.4:
    dependencies:
      '@oxc-project/types': 0.144.0
      '@rolldown/pluginutils': 1.0.1
    optionalDependencies:
      '@rolldown/binding-android-arm64': 1.2.4
      '@rolldown/binding-darwin-arm64': 1.2.4
      '@rolldown/binding-darwin-x64': 1.2.4
      '@rolldown/binding-freebsd-x64': 1.2.4
      '@rolldown/binding-linux-arm-gnueabihf': 1.2.4
      '@rolldown/binding-linux-arm64-gnu': 1.2.4
      '@rolldown/binding-linux-arm64-musl': 1.2.4
      '@rolldown/binding-linux-ppc64-gnu': 1.2.4
      '@rolldown/binding-linux-s390x-gnu': 1.2.4
      '@rolldown/binding-linux-x64-gnu': 1.2.4
      '@rolldown/binding-linux-x64-musl': 1.2.4
      '@rolldown/binding-openharmony-arm64': 1.2.4
      '@rolldown/binding-win32-arm64-msvc': 1.2.4
      '@rolldown/binding-win32-x64-msvc': 1.2.4

  semver@7.8.5: {}

  shebang-command@2.0.0:
    dependencies:
      shebang-regex: 3.0.0

  shebang-regex@3.0.0: {}

  source-map-js@1.2.1: {}

  typescript-auto-import-cache@0.3.6:
    dependencies:
      semver: 7.8.5

  typescript@5.9.3: {}

  volar-service-typescript@0.0.70(@volar/language-service@2.4.28):
    dependencies:
      path-browserify: 1.0.1
      semver: 7.8.5
      typescript-auto-import-cache: 0.3.6
      vscode-languageserver-textdocument: 1.0.12
      vscode-nls: 5.2.0
      vscode-uri: 3.1.0
    optionalDependencies:
      '@volar/language-service': 2.4.28

  vscode-jsonrpc@8.2.0: {}

  vscode-jsonrpc@9.0.1: {}

  vscode-languageserver-protocol@3.17.5:
    dependencies:
      vscode-jsonrpc: 8.2.0
      vscode-languageserver-types: 3.17.5

  vscode-languageserver-protocol@3.18.2:
    dependencies:
      vscode-jsonrpc: 9.0.1
      vscode-languageserver-types: 3.18.0

  vscode-languageserver-textdocument@1.0.12: {}

  vscode-languageserver-types@3.17.5: {}

  vscode-languageserver-types@3.18.0: {}

  vscode-languageserver@9.0.1:
    dependencies:
      vscode-languageserver-protocol: 3.17.5

  vscode-nls@5.2.0: {}

  vscode-uri@3.1.0: {}

  which@2.0.2:
    dependencies:
      isexe: 2.0.0

  yuku-ast@0.8.7:
    dependencies:
      '@yuku-toolchain/types': 0.8.7

  yuku-codegen@0.8.7:
    dependencies:
      '@yuku-toolchain/types': 0.8.7
    optionalDependencies:
      '@yuku-codegen/binding-android-arm64': 0.8.7
      '@yuku-codegen/binding-darwin-arm64': 0.8.7
      '@yuku-codegen/binding-darwin-x64': 0.8.7
      '@yuku-codegen/binding-freebsd-x64': 0.8.7
      '@yuku-codegen/binding-linux-arm-gnu': 0.8.7
      '@yuku-codegen/binding-linux-arm-musl': 0.8.7
      '@yuku-codegen/binding-linux-arm64-gnu': 0.8.7
      '@yuku-codegen/binding-linux-arm64-musl': 0.8.7
      '@yuku-codegen/binding-linux-x64-gnu': 0.8.7
      '@yuku-codegen/binding-linux-x64-musl': 0.8.7
      '@yuku-codegen/binding-win32-arm64': 0.8.7
      '@yuku-codegen/binding-win32-x64': 0.8.7

  yuku-parser@0.8.7:
    dependencies:
      '@yuku-toolchain/types': 0.8.7
      yuku-ast: 0.8.7
    optionalDependencies:
      '@yuku-parser/binding-android-arm64': 0.8.7
      '@yuku-parser/binding-darwin-arm64': 0.8.7
      '@yuku-parser/binding-darwin-x64': 0.8.7
      '@yuku-parser/binding-freebsd-x64': 0.8.7
      '@yuku-parser/binding-linux-arm-gnu': 0.8.7
      '@yuku-parser/binding-linux-arm-musl': 0.8.7
      '@yuku-parser/binding-linux-arm64-gnu': 0.8.7
      '@yuku-parser/binding-linux-arm64-musl': 0.8.7
      '@yuku-parser/binding-linux-x64-gnu': 0.8.7
      '@yuku-parser/binding-linux-x64-musl': 0.8.7
      '@yuku-parser/binding-win32-arm64': 0.8.7
      '@yuku-parser/binding-win32-x64': 0.8.7
